// !$*UTF8*$!
{
	archiveVersion = 1;
	classes = {
	};
	objectVersion = 51;
	objects = {

/* Begin PBXBuildFile section */
		53F816B988F5B912A47AA9FB /* Pods_CloneInstagram.framework in Frameworks */ = {isa = PBXBuildFile; fileRef = 839AD5A4E7B9B6E7FF3E2FB5 /* Pods_CloneInstagram.framework */; };
		B3C9FD0706EEBF7941CC9C21 /* Pods_CloneInstagramTests.framework in Frameworks */ = {isa = PBXBuildFile; fileRef = 425A66539C6CF422285E4125 /* Pods_CloneInstagramTests.framework */; };
		C0DC34B39F650914ECCDF91B /* Pods_CloneInstagram_CloneInstagramUITests.framework in Frameworks */ = {isa = PBXBuildFile; fileRef = EC3462F724269FD74A0432F5 /* Pods_CloneInstagram_CloneInstagramUITests.framework */; };
		EA759D8926E8378800CCFB21 /* SignUpView.swift in Sources */ = {isa = PBXBuildFile; fileRef = EA759D8826E8378800CCFB21 /* SignUpView.swift */; };
		EA759D8C26E83C2B00CCFB21 /* ImagePicker.swift in Sources */ = {isa = PBXBuildFile; fileRef = EA759D8B26E83C2B00CCFB21 /* ImagePicker.swift */; };
		EA85E23226E89EA80017FD1A /* GoogleService-Info.plist in Resources */ = {isa = PBXBuildFile; fileRef = EA85E23126E89EA80017FD1A /* GoogleService-Info.plist */; };
		EA85E23526E8B8060017FD1A /* UserModel.swift in Sources */ = {isa = PBXBuildFile; fileRef = EA85E23426E8B8060017FD1A /* UserModel.swift */; };
		EA85E23726E8B8ED0017FD1A /* Encodable.swift in Sources */ = {isa = PBXBuildFile; fileRef = EA85E23626E8B8ED0017FD1A /* Encodable.swift */; };
		EA85E23A26E8BD9A0017FD1A /* AuthService.swift in Sources */ = {isa = PBXBuildFile; fileRef = EA85E23926E8BD9A0017FD1A /* AuthService.swift */; };
		EA85E23C26E8C1390017FD1A /* StorageService.swift in Sources */ = {isa = PBXBuildFile; fileRef = EA85E23B26E8C1390017FD1A /* StorageService.swift */; };
		EAE4580426E765CC00B1C59C /* CloneInstagramApp.swift in Sources */ = {isa = PBXBuildFile; fileRef = EAE4580326E765CC00B1C59C /* CloneInstagramApp.swift */; };
		EAE4580626E765CC00B1C59C /* ContentView.swift in Sources */ = {isa = PBXBuildFile; fileRef = EAE4580526E765CC00B1C59C /* ContentView.swift */; };
		EAE4580826E765D100B1C59C /* Assets.xcassets in Resources */ = {isa = PBXBuildFile; fileRef = EAE4580726E765D100B1C59C /* Assets.xcassets */; };
		EAE4580B26E765D100B1C59C /* Preview Assets.xcassets in Resources */ = {isa = PBXBuildFile; fileRef = EAE4580A26E765D100B1C59C /* Preview Assets.xcassets */; };
		EAE4581626E765D200B1C59C /* CloneInstagramTests.swift in Sources */ = {isa = PBXBuildFile; fileRef = EAE4581526E765D200B1C59C /* CloneInstagramTests.swift */; };
		EAE4582126E765D200B1C59C /* CloneInstagramUITests.swift in Sources */ = {isa = PBXBuildFile; fileRef = EAE4582026E765D200B1C59C /* CloneInstagramUITests.swift */; };
		EAE4583026E766CA00B1C59C /* FormField.swift in Sources */ = {isa = PBXBuildFile; fileRef = EAE4582F26E766CA00B1C59C /* FormField.swift */; };
		EAE4583326E769D500B1C59C /* SignInView.swift in Sources */ = {isa = PBXBuildFile; fileRef = EAE4583226E769D500B1C59C /* SignInView.swift */; };
		EAE4583526E76BBD00B1C59C /* ButtonModifiers.swift in Sources */ = {isa = PBXBuildFile; fileRef = EAE4583426E76BBD00B1C59C /* ButtonModifiers.swift */; };
		EAFA54D926F09B1D007CB3FE /* SessionStore.swift in Sources */ = {isa = PBXBuildFile; fileRef = EAFA54D826F09B1D007CB3FE /* SessionStore.swift */; };
		EAFA54DB26F0A17F007CB3FE /* HomeView.swift in Sources */ = {isa = PBXBuildFile; fileRef = EAFA54DA26F0A17F007CB3FE /* HomeView.swift */; };
/* End PBXBuildFile section */

/* Begin PBXContainerItemProxy section */
		EAE4581226E765D200B1C59C /* PBXContainerItemProxy */ = {
			isa = PBXContainerItemProxy;
			containerPortal = EAE457F826E765CC00B1C59C /* Project object */;
			proxyType = 1;
			remoteGlobalIDString = EAE457FF26E765CC00B1C59C;
			remoteInfo = CloneInstagram;
		};
		EAE4581D26E765D200B1C59C /* PBXContainerItemProxy */ = {
			isa = PBXContainerItemProxy;
			containerPortal = EAE457F826E765CC00B1C59C /* Project object */;
			proxyType = 1;
			remoteGlobalIDString = EAE457FF26E765CC00B1C59C;
			remoteInfo = CloneInstagram;
		};
/* End PBXContainerItemProxy section */

/* Begin PBXFileReference section */
		425A66539C6CF422285E4125 /* Pods_CloneInstagramTests.framework */ = {isa = PBXFileReference; explicitFileType = wrapper.framework; includeInIndex = 0; path = Pods_CloneInstagramTests.framework; sourceTree = BUILT_PRODUCTS_DIR; };
		5E62F683172AC3F1683DDB2A /* Pods-CloneInstagram.release.xcconfig */ = {isa = PBXFileReference; includeInIndex = 1; lastKnownFileType = text.xcconfig; name = "Pods-CloneInstagram.release.xcconfig"; path = "Target Support Files/Pods-CloneInstagram/Pods-CloneInstagram.release.xcconfig"; sourceTree = "<group>"; };
		839AD5A4E7B9B6E7FF3E2FB5 /* Pods_CloneInstagram.framework */ = {isa = PBXFileReference; explicitFileType = wrapper.framework; includeInIndex = 0; path = Pods_CloneInstagram.framework; sourceTree = BUILT_PRODUCTS_DIR; };
		852E899BF577F0303C0BDC20 /* Pods-CloneInstagram-CloneInstagramUITests.debug.xcconfig */ = {isa = PBXFileReference; includeInIndex = 1; lastKnownFileType = text.xcconfig; name = "Pods-CloneInstagram-CloneInstagramUITests.debug.xcconfig"; path = "Target Support Files/Pods-CloneInstagram-CloneInstagramUITests/Pods-CloneInstagram-CloneInstagramUITests.debug.xcconfig"; sourceTree = "<group>"; };
		A81DE8F2206989752B0F7515 /* Pods-CloneInstagram-CloneInstagramUITests.release.xcconfig */ = {isa = PBXFileReference; includeInIndex = 1; lastKnownFileType = text.xcconfig; name = "Pods-CloneInstagram-CloneInstagramUITests.release.xcconfig"; path = "Target Support Files/Pods-CloneInstagram-CloneInstagramUITests/Pods-CloneInstagram-CloneInstagramUITests.release.xcconfig"; sourceTree = "<group>"; };
		B5A78EDD0F355273C021B421 /* Pods-CloneInstagram.debug.xcconfig */ = {isa = PBXFileReference; includeInIndex = 1; lastKnownFileType = text.xcconfig; name = "Pods-CloneInstagram.debug.xcconfig"; path = "Target Support Files/Pods-CloneInstagram/Pods-CloneInstagram.debug.xcconfig"; sourceTree = "<group>"; };
		E5B655F12F7203FA7C6DFE0F /* Pods-CloneInstagramTests.debug.xcconfig */ = {isa = PBXFileReference; includeInIndex = 1; lastKnownFileType = text.xcconfig; name = "Pods-CloneInstagramTests.debug.xcconfig"; path = "Target Support Files/Pods-CloneInstagramTests/Pods-CloneInstagramTests.debug.xcconfig"; sourceTree = "<group>"; };
		E81C713EB34B5253FF390207 /* Pods-CloneInstagramTests.release.xcconfig */ = {isa = PBXFileReference; includeInIndex = 1; lastKnownFileType = text.xcconfig; name = "Pods-CloneInstagramTests.release.xcconfig"; path = "Target Support Files/Pods-CloneInstagramTests/Pods-CloneInstagramTests.release.xcconfig"; sourceTree = "<group>"; };
		EA759D8826E8378800CCFB21 /* SignUpView.swift */ = {isa = PBXFileReference; lastKnownFileType = sourcecode.swift; path = SignUpView.swift; sourceTree = "<group>"; };
		EA759D8B26E83C2B00CCFB21 /* ImagePicker.swift */ = {isa = PBXFileReference; lastKnownFileType = sourcecode.swift; path = ImagePicker.swift; sourceTree = "<group>"; };
		EA85E23126E89EA80017FD1A /* GoogleService-Info.plist */ = {isa = PBXFileReference; fileEncoding = 4; lastKnownFileType = text.plist.xml; path = "GoogleService-Info.plist"; sourceTree = "<group>"; };
		EA85E23426E8B8060017FD1A /* UserModel.swift */ = {isa = PBXFileReference; lastKnownFileType = sourcecode.swift; path = UserModel.swift; sourceTree = "<group>"; };
		EA85E23626E8B8ED0017FD1A /* Encodable.swift */ = {isa = PBXFileReference; lastKnownFileType = sourcecode.swift; path = Encodable.swift; sourceTree = "<group>"; };
		EA85E23926E8BD9A0017FD1A /* AuthService.swift */ = {isa = PBXFileReference; lastKnownFileType = sourcecode.swift; path = AuthService.swift; sourceTree = "<group>"; };
		EA85E23B26E8C1390017FD1A /* StorageService.swift */ = {isa = PBXFileReference; lastKnownFileType = sourcecode.swift; path = StorageService.swift; sourceTree = "<group>"; };
		EAE4580026E765CC00B1C59C /* CloneInstagram.app */ = {isa = PBXFileReference; explicitFileType = wrapper.application; includeInIndex = 0; path = CloneInstagram.app; sourceTree = BUILT_PRODUCTS_DIR; };
		EAE4580326E765CC00B1C59C /* CloneInstagramApp.swift */ = {isa = PBXFileReference; lastKnownFileType = sourcecode.swift; path = CloneInstagramApp.swift; sourceTree = "<group>"; };
		EAE4580526E765CC00B1C59C /* ContentView.swift */ = {isa = PBXFileReference; lastKnownFileType = sourcecode.swift; path = ContentView.swift; sourceTree = "<group>"; };
		EAE4580726E765D100B1C59C /* Assets.xcassets */ = {isa = PBXFileReference; lastKnownFileType = folder.assetcatalog; path = Assets.xcassets; sourceTree = "<group>"; };
		EAE4580A26E765D100B1C59C /* Preview Assets.xcassets */ = {isa = PBXFileReference; lastKnownFileType = folder.assetcatalog; path = "Preview Assets.xcassets"; sourceTree = "<group>"; };
		EAE4580C26E765D100B1C59C /* Info.plist */ = {isa = PBXFileReference; lastKnownFileType = text.plist.xml; path = Info.plist; sourceTree = "<group>"; };
		EAE4581126E765D200B1C59C /* CloneInstagramTests.xctest */ = {isa = PBXFileReference; explicitFileType = wrapper.cfbundle; includeInIndex = 0; path = CloneInstagramTests.xctest; sourceTree = BUILT_PRODUCTS_DIR; };
		EAE4581526E765D200B1C59C /* CloneInstagramTests.swift */ = {isa = PBXFileReference; lastKnownFileType = sourcecode.swift; path = CloneInstagramTests.swift; sourceTree = "<group>"; };
		EAE4581726E765D200B1C59C /* Info.plist */ = {isa = PBXFileReference; lastKnownFileType = text.plist.xml; path = Info.plist; sourceTree = "<group>"; };
		EAE4581C26E765D200B1C59C /* CloneInstagramUITests.xctest */ = {isa = PBXFileReference; explicitFileType = wrapper.cfbundle; includeInIndex = 0; path = CloneInstagramUITests.xctest; sourceTree = BUILT_PRODUCTS_DIR; };
		EAE4582026E765D200B1C59C /* CloneInstagramUITests.swift */ = {isa = PBXFileReference; lastKnownFileType = sourcecode.swift; path = CloneInstagramUITests.swift; sourceTree = "<group>"; };
		EAE4582226E765D200B1C59C /* Info.plist */ = {isa = PBXFileReference; lastKnownFileType = text.plist.xml; path = Info.plist; sourceTree = "<group>"; };
		EAE4582F26E766CA00B1C59C /* FormField.swift */ = {isa = PBXFileReference; lastKnownFileType = sourcecode.swift; path = FormField.swift; sourceTree = "<group>"; };
		EAE4583226E769D500B1C59C /* SignInView.swift */ = {isa = PBXFileReference; lastKnownFileType = sourcecode.swift; path = SignInView.swift; sourceTree = "<group>"; };
		EAE4583426E76BBD00B1C59C /* ButtonModifiers.swift */ = {isa = PBXFileReference; lastKnownFileType = sourcecode.swift; path = ButtonModifiers.swift; sourceTree = "<group>"; };
		EAFA54D826F09B1D007CB3FE /* SessionStore.swift */ = {isa = PBXFileReference; lastKnownFileType = sourcecode.swift; path = SessionStore.swift; sourceTree = "<group>"; };
		EAFA54DA26F0A17F007CB3FE /* HomeView.swift */ = {isa = PBXFileReference; lastKnownFileType = sourcecode.swift; path = HomeView.swift; sourceTree = "<group>"; };
		EC3462F724269FD74A0432F5 /* Pods_CloneInstagram_CloneInstagramUITests.framework */ = {isa = PBXFileReference; explicitFileType = wrapper.framework; includeInIndex = 0; path = Pods_CloneInstagram_CloneInstagramUITests.framework; sourceTree = BUILT_PRODUCTS_DIR; };
/* End PBXFileReference section */

/* Begin PBXFrameworksBuildPhase section */
		EAE457FD26E765CC00B1C59C /* Frameworks */ = {
			isa = PBXFrameworksBuildPhase;
			buildActionMask = 2147483647;
			files = (
				53F816B988F5B912A47AA9FB /* Pods_CloneInstagram.framework in Frameworks */,
			);
			runOnlyForDeploymentPostprocessing = 0;
		};
		EAE4580E26E765D200B1C59C /* Frameworks */ = {
			isa = PBXFrameworksBuildPhase;
			buildActionMask = 2147483647;
			files = (
				B3C9FD0706EEBF7941CC9C21 /* Pods_CloneInstagramTests.framework in Frameworks */,
			);
			runOnlyForDeploymentPostprocessing = 0;
		};
		EAE4581926E765D200B1C59C /* Frameworks */ = {
			isa = PBXFrameworksBuildPhase;
			buildActionMask = 2147483647;
			files = (
				C0DC34B39F650914ECCDF91B /* Pods_CloneInstagram_CloneInstagramUITests.framework in Frameworks */,
			);
			runOnlyForDeploymentPostprocessing = 0;
		};
/* End PBXFrameworksBuildPhase section */

/* Begin PBXGroup section */
		A206A0AD286E462FAADDD90F /* Frameworks */ = {
			isa = PBXGroup;
			children = (
				839AD5A4E7B9B6E7FF3E2FB5 /* Pods_CloneInstagram.framework */,
				EC3462F724269FD74A0432F5 /* Pods_CloneInstagram_CloneInstagramUITests.framework */,
				425A66539C6CF422285E4125 /* Pods_CloneInstagramTests.framework */,
			);
			name = Frameworks;
			sourceTree = "<group>";
		};
		EA759D8A26E83C0300CCFB21 /* Utilities */ = {
			isa = PBXGroup;
			children = (
				EA759D8B26E83C2B00CCFB21 /* ImagePicker.swift */,
				EA85E23626E8B8ED0017FD1A /* Encodable.swift */,
			);
			path = Utilities;
			sourceTree = "<group>";
		};
		EA85E23326E8AB030017FD1A /* Models */ = {
			isa = PBXGroup;
			children = (
				EA85E23426E8B8060017FD1A /* UserModel.swift */,
			);
			path = Models;
			sourceTree = "<group>";
		};
		EA85E23826E8BD6F0017FD1A /* Services */ = {
			isa = PBXGroup;
			children = (
				EA85E23926E8BD9A0017FD1A /* AuthService.swift */,
				EA85E23B26E8C1390017FD1A /* StorageService.swift */,
				EAFA54D826F09B1D007CB3FE /* SessionStore.swift */,
			);
			path = Services;
			sourceTree = "<group>";
		};
		EAE457F726E765CC00B1C59C = {
			isa = PBXGroup;
			children = (
				EAE4580226E765CC00B1C59C /* CloneInstagram */,
				EAE4581426E765D200B1C59C /* CloneInstagramTests */,
				EAE4581F26E765D200B1C59C /* CloneInstagramUITests */,
				EAE4580126E765CC00B1C59C /* Products */,
				F14199B07EAA405BBDD258F5 /* Pods */,
				A206A0AD286E462FAADDD90F /* Frameworks */,
			);
			sourceTree = "<group>";
		};
		EAE4580126E765CC00B1C59C /* Products */ = {
			isa = PBXGroup;
			children = (
				EAE4580026E765CC00B1C59C /* CloneInstagram.app */,
				EAE4581126E765D200B1C59C /* CloneInstagramTests.xctest */,
				EAE4581C26E765D200B1C59C /* CloneInstagramUITests.xctest */,
			);
			name = Products;
			sourceTree = "<group>";
		};
		EAE4580226E765CC00B1C59C /* CloneInstagram */ = {
			isa = PBXGroup;
			children = (
				EA85E23826E8BD6F0017FD1A /* Services */,
				EA85E23326E8AB030017FD1A /* Models */,
				EA759D8A26E83C0300CCFB21 /* Utilities */,
				EAE4583126E769C100B1C59C /* Views */,
				EAE4582E26E766AD00B1C59C /* Component */,
				EAE4580326E765CC00B1C59C /* CloneInstagramApp.swift */,
				EAE4580526E765CC00B1C59C /* ContentView.swift */,
				EAE4580726E765D100B1C59C /* Assets.xcassets */,
				EA85E23126E89EA80017FD1A /* GoogleService-Info.plist */,
				EAE4580C26E765D100B1C59C /* Info.plist */,
				EAE4580926E765D100B1C59C /* Preview Content */,
			);
			path = CloneInstagram;
			sourceTree = "<group>";
		};
		EAE4580926E765D100B1C59C /* Preview Content */ = {
			isa = PBXGroup;
			children = (
				EAE4580A26E765D100B1C59C /* Preview Assets.xcassets */,
			);
			path = "Preview Content";
			sourceTree = "<group>";
		};
		EAE4581426E765D200B1C59C /* CloneInstagramTests */ = {
			isa = PBXGroup;
			children = (
				EAE4581526E765D200B1C59C /* CloneInstagramTests.swift */,
				EAE4581726E765D200B1C59C /* Info.plist */,
			);
			path = CloneInstagramTests;
			sourceTree = "<group>";
		};
		EAE4581F26E765D200B1C59C /* CloneInstagramUITests */ = {
			isa = PBXGroup;
			children = (
				EAE4582026E765D200B1C59C /* CloneInstagramUITests.swift */,
				EAE4582226E765D200B1C59C /* Info.plist */,
			);
			path = CloneInstagramUITests;
			sourceTree = "<group>";
		};
		EAE4582E26E766AD00B1C59C /* Component */ = {
			isa = PBXGroup;
			children = (
				EAE4582F26E766CA00B1C59C /* FormField.swift */,
				EAE4583426E76BBD00B1C59C /* ButtonModifiers.swift */,
			);
			path = Component;
			sourceTree = "<group>";
		};
		EAE4583126E769C100B1C59C /* Views */ = {
			isa = PBXGroup;
			children = (
				EAE4583226E769D500B1C59C /* SignInView.swift */,
				EA759D8826E8378800CCFB21 /* SignUpView.swift */,
				EAFA54DA26F0A17F007CB3FE /* HomeView.swift */,
			);
			path = Views;
			sourceTree = "<group>";
		};
		F14199B07EAA405BBDD258F5 /* Pods */ = {
			isa = PBXGroup;
			children = (
				B5A78EDD0F355273C021B421 /* Pods-CloneInstagram.debug.xcconfig */,
				5E62F683172AC3F1683DDB2A /* Pods-CloneInstagram.release.xcconfig */,
				852E899BF577F0303C0BDC20 /* Pods-CloneInstagram-CloneInstagramUITests.debug.xcconfig */,
				A81DE8F2206989752B0F7515 /* Pods-CloneInstagram-CloneInstagramUITests.release.xcconfig */,
				E5B655F12F7203FA7C6DFE0F /* Pods-CloneInstagramTests.debug.xcconfig */,
				E81C713EB34B5253FF390207 /* Pods-CloneInstagramTests.release.xcconfig */,
			);
			path = Pods;
			sourceTree = "<group>";
		};
/* End PBXGroup section */

/* Begin PBXNativeTarget section */
		EAE457FF26E765CC00B1C59C /* CloneInstagram */ = {
			isa = PBXNativeTarget;
			buildConfigurationList = EAE4582526E765D200B1C59C /* Build configuration list for PBXNativeTarget "CloneInstagram" */;
			buildPhases = (
				4F22675BB53166824028B9FA /* [CP] Check Pods Manifest.lock */,
				EAE457FC26E765CC00B1C59C /* Sources */,
				EAE457FD26E765CC00B1C59C /* Frameworks */,
				EAE457FE26E765CC00B1C59C /* Resources */,
				700E693632B2D9019CC534C5 /* [CP] Embed Pods Frameworks */,
			);
			buildRules = (
			);
			dependencies = (
			);
			name = CloneInstagram;
			productName = CloneInstagram;
			productReference = EAE4580026E765CC00B1C59C /* CloneInstagram.app */;
			productType = "com.apple.product-type.application";
		};
		EAE4581026E765D200B1C59C /* CloneInstagramTests */ = {
			isa = PBXNativeTarget;
			buildConfigurationList = EAE4582826E765D200B1C59C /* Build configuration list for PBXNativeTarget "CloneInstagramTests" */;
			buildPhases = (
				C717C6CC43D535D65BDB2F68 /* [CP] Check Pods Manifest.lock */,
				EAE4580D26E765D200B1C59C /* Sources */,
				EAE4580E26E765D200B1C59C /* Frameworks */,
				EAE4580F26E765D200B1C59C /* Resources */,
			);
			buildRules = (
			);
			dependencies = (
				EAE4581326E765D200B1C59C /* PBXTargetDependency */,
			);
			name = CloneInstagramTests;
			productName = CloneInstagramTests;
			productReference = EAE4581126E765D200B1C59C /* CloneInstagramTests.xctest */;
			productType = "com.apple.product-type.bundle.unit-test";
		};
		EAE4581B26E765D200B1C59C /* CloneInstagramUITests */ = {
			isa = PBXNativeTarget;
			buildConfigurationList = EAE4582B26E765D200B1C59C /* Build configuration list for PBXNativeTarget "CloneInstagramUITests" */;
			buildPhases = (
				8C19AF697D799F32FEFAC81F /* [CP] Check Pods Manifest.lock */,
				EAE4581826E765D200B1C59C /* Sources */,
				EAE4581926E765D200B1C59C /* Frameworks */,
				EAE4581A26E765D200B1C59C /* Resources */,
				71BF8B52F4A37CB127EC8A9B /* [CP] Embed Pods Frameworks */,
			);
			buildRules = (
			);
			dependencies = (
				EAE4581E26E765D200B1C59C /* PBXTargetDependency */,
			);
			name = CloneInstagramUITests;
			productName = CloneInstagramUITests;
			productReference = EAE4581C26E765D200B1C59C /* CloneInstagramUITests.xctest */;
			productType = "com.apple.product-type.bundle.ui-testing";
		};
/* End PBXNativeTarget section */

/* Begin PBXProject section */
		EAE457F826E765CC00B1C59C /* Project object */ = {
			isa = PBXProject;
			attributes = {
				LastSwiftUpdateCheck = 1250;
				LastUpgradeCheck = 1250;
				TargetAttributes = {
					EAE457FF26E765CC00B1C59C = {
						CreatedOnToolsVersion = 12.5.1;
					};
					EAE4581026E765D200B1C59C = {
						CreatedOnToolsVersion = 12.5.1;
						TestTargetID = EAE457FF26E765CC00B1C59C;
					};
					EAE4581B26E765D200B1C59C = {
						CreatedOnToolsVersion = 12.5.1;
						TestTargetID = EAE457FF26E765CC00B1C59C;
					};
				};
			};
			buildConfigurationList = EAE457FB26E765CC00B1C59C /* Build configuration list for PBXProject "CloneInstagram" */;
			compatibilityVersion = "Xcode 9.3";
			developmentRegion = en;
			hasScannedForEncodings = 0;
			knownRegions = (
				en,
				Base,
			);
			mainGroup = EAE457F726E765CC00B1C59C;
			productRefGroup = EAE4580126E765CC00B1C59C /* Products */;
			projectDirPath = "";
			projectRoot = "";
			targets = (
				EAE457FF26E765CC00B1C59C /* CloneInstagram */,
				EAE4581026E765D200B1C59C /* CloneInstagramTests */,
				EAE4581B26E765D200B1C59C /* CloneInstagramUITests */,
			);
		};
/* End PBXProject section */

/* Begin PBXResourcesBuildPhase section */
		EAE457FE26E765CC00B1C59C /* Resources */ = {
			isa = PBXResourcesBuildPhase;
			buildActionMask = 2147483647;
			files = (
				EAE4580B26E765D100B1C59C /* Preview Assets.xcassets in Resources */,
				EAE4580826E765D100B1C59C /* Assets.xcassets in Resources */,
				EA85E23226E89EA80017FD1A /* GoogleService-Info.plist in Resources */,
			);
			runOnlyForDeploymentPostprocessing = 0;
		};
		EAE4580F26E765D200B1C59C /* Resources */ = {
			isa = PBXResourcesBuildPhase;
			buildActionMask = 2147483647;
			files = (
			);
			runOnlyForDeploymentPostprocessing = 0;
		};
		EAE4581A26E765D200B1C59C /* Resources */ = {
			isa = PBXResourcesBuildPhase;
			buildActionMask = 2147483647;
			files = (
			);
			runOnlyForDeploymentPostprocessing = 0;
		};
/* End PBXResourcesBuildPhase section */

/* Begin PBXShellScriptBuildPhase section */
		4F22675BB53166824028B9FA /* [CP] Check Pods Manifest.lock */ = {
			isa = PBXShellScriptBuildPhase;
			buildActionMask = 2147483647;
			files = (
			);
			inputFileListPaths = (
			);
			inputPaths = (
				"${PODS_PODFILE_DIR_PATH}/Podfile.lock",
				"${PODS_ROOT}/Manifest.lock",
			);
			name = "[CP] Check Pods Manifest.lock";
			outputFileListPaths = (
			);
			outputPaths = (
				"$(DERIVED_FILE_DIR)/Pods-CloneInstagram-checkManifestLockResult.txt",
			);
			runOnlyForDeploymentPostprocessing = 0;
			shellPath = /bin/sh;
			shellScript = "diff \"${PODS_PODFILE_DIR_PATH}/Podfile.lock\" \"${PODS_ROOT}/Manifest.lock\" > /dev/null\nif [ $? != 0 ] ; then\n    # print error to STDERR\n    echo \"error: The sandbox is not in sync with the Podfile.lock. Run 'pod install' or update your CocoaPods installation.\" >&2\n    exit 1\nfi\n# This output is used by Xcode 'outputs' to avoid re-running this script phase.\necho \"SUCCESS\" > \"${SCRIPT_OUTPUT_FILE_0}\"\n";
			showEnvVarsInLog = 0;
		};
		700E693632B2D9019CC534C5 /* [CP] Embed Pods Frameworks */ = {
			isa = PBXShellScriptBuildPhase;
			buildActionMask = 2147483647;
			files = (
			);
			inputFileListPaths = (
				"${PODS_ROOT}/Target Support Files/Pods-CloneInstagram/Pods-CloneInstagram-frameworks-${CONFIGURATION}-input-files.xcfilelist",
			);
			name = "[CP] Embed Pods Frameworks";
			outputFileListPaths = (
				"${PODS_ROOT}/Target Support Files/Pods-CloneInstagram/Pods-CloneInstagram-frameworks-${CONFIGURATION}-output-files.xcfilelist",
			);
			runOnlyForDeploymentPostprocessing = 0;
			shellPath = /bin/sh;
			shellScript = "\"${PODS_ROOT}/Target Support Files/Pods-CloneInstagram/Pods-CloneInstagram-frameworks.sh\"\n";
			showEnvVarsInLog = 0;
		};
		71BF8B52F4A37CB127EC8A9B /* [CP] Embed Pods Frameworks */ = {
			isa = PBXShellScriptBuildPhase;
			buildActionMask = 2147483647;
			files = (
			);
			inputFileListPaths = (
				"${PODS_ROOT}/Target Support Files/Pods-CloneInstagram-CloneInstagramUITests/Pods-CloneInstagram-CloneInstagramUITests-frameworks-${CONFIGURATION}-input-files.xcfilelist",
			);
			name = "[CP] Embed Pods Frameworks";
			outputFileListPaths = (
				"${PODS_ROOT}/Target Support Files/Pods-CloneInstagram-CloneInstagramUITests/Pods-CloneInstagram-CloneInstagramUITests-frameworks-${CONFIGURATION}-output-files.xcfilelist",
			);
			runOnlyForDeploymentPostprocessing = 0;
			shellPath = /bin/sh;
			shellScript = "\"${PODS_ROOT}/Target Support Files/Pods-CloneInstagram-CloneInstagramUITests/Pods-CloneInstagram-CloneInstagramUITests-frameworks.sh\"\n";
			showEnvVarsInLog = 0;
		};
		8C19AF697D799F32FEFAC81F /* [CP] Check Pods Manifest.lock */ = {
			isa = PBXShellScriptBuildPhase;
			buildActionMask = 2147483647;
			files = (
			);
			inputFileListPaths = (
			);
			inputPaths = (
				"${PODS_PODFILE_DIR_PATH}/Podfile.lock",
				"${PODS_ROOT}/Manifest.lock",
			);
			name = "[CP] Check Pods Manifest.lock";
			outputFileListPaths = (
			);
			outputPaths = (
				"$(DERIVED_FILE_DIR)/Pods-CloneInstagram-CloneInstagramUITests-checkManifestLockResult.txt",
			);
			runOnlyForDeploymentPostprocessing = 0;
			shellPath = /bin/sh;
			shellScript = "diff \"${PODS_PODFILE_DIR_PATH}/Podfile.lock\" \"${PODS_ROOT}/Manifest.lock\" > /dev/null\nif [ $? != 0 ] ; then\n    # print error to STDERR\n    echo \"error: The sandbox is not in sync with the Podfile.lock. Run 'pod install' or update your CocoaPods installation.\" >&2\n    exit 1\nfi\n# This output is used by Xcode 'outputs' to avoid re-running this script phase.\necho \"SUCCESS\" > \"${SCRIPT_OUTPUT_FILE_0}\"\n";
			showEnvVarsInLog = 0;
		};
		C717C6CC43D535D65BDB2F68 /* [CP] Check Pods Manifest.lock */ = {
			isa = PBXShellScriptBuildPhase;
			buildActionMask = 2147483647;
			files = (
			);
			inputFileListPaths = (
			);
			inputPaths = (
				"${PODS_PODFILE_DIR_PATH}/Podfile.lock",
				"${PODS_ROOT}/Manifest.lock",
			);
			name = "[CP] Check Pods Manifest.lock";
			outputFileListPaths = (
			);
			outputPaths = (
				"$(DERIVED_FILE_DIR)/Pods-CloneInstagramTests-checkManifestLockResult.txt",
			);
			runOnlyForDeploymentPostprocessing = 0;
			shellPath = /bin/sh;
			shellScript = "diff \"${PODS_PODFILE_DIR_PATH}/Podfile.lock\" \"${PODS_ROOT}/Manifest.lock\" > /dev/null\nif [ $? != 0 ] ; then\n    # print error to STDERR\n    echo \"error: The sandbox is not in sync with the Podfile.lock. Run 'pod install' or update your CocoaPods installation.\" >&2\n    exit 1\nfi\n# This output is used by Xcode 'outputs' to avoid re-running this script phase.\necho \"SUCCESS\" > \"${SCRIPT_OUTPUT_FILE_0}\"\n";
			showEnvVarsInLog = 0;
		};
/* End PBXShellScriptBuildPhase section */

/* Begin PBXSourcesBuildPhase section */
		EAE457FC26E765CC00B1C59C /* Sources */ = {
			isa = PBXSourcesBuildPhase;
			buildActionMask = 2147483647;
			files = (
				EAE4583026E766CA00B1C59C /* FormField.swift in Sources */,
				EA85E23726E8B8ED0017FD1A /* Encodable.swift in Sources */,
				EAFA54DB26F0A17F007CB3FE /* HomeView.swift in Sources */,
				EAFA54D926F09B1D007CB3FE /* SessionStore.swift in Sources */,
				EAE4580626E765CC00B1C59C /* ContentView.swift in Sources */,
				EA85E23526E8B8060017FD1A /* UserModel.swift in Sources */,
				EAE4583526E76BBD00B1C59C /* ButtonModifiers.swift in Sources */,
				EA759D8C26E83C2B00CCFB21 /* ImagePicker.swift in Sources */,
				EAE4583326E769D500B1C59C /* SignInView.swift in Sources */,
				EA85E23A26E8BD9A0017FD1A /* AuthService.swift in Sources */,
				EA759D8926E8378800CCFB21 /* SignUpView.swift in Sources */,
				EA85E23C26E8C1390017FD1A /* StorageService.swift in Sources */,
				EAE4580426E765CC00B1C59C /* CloneInstagramApp.swift in Sources */,
			);
			runOnlyForDeploymentPostprocessing = 0;
		};
		EAE4580D26E765D200B1C59C /* Sources */ = {
			isa = PBXSourcesBuildPhase;
			buildActionMask = 2147483647;
			files = (
				EAE4581626E765D200B1C59C /* CloneInstagramTests.swift in Sources */,
			);
			runOnlyForDeploymentPostprocessing = 0;
		};
		EAE4581826E765D200B1C59C /* Sources */ = {
			isa = PBXSourcesBuildPhase;
			buildActionMask = 2147483647;
			files = (
				EAE4582126E765D200B1C59C /* CloneInstagramUITests.swift in Sources */,
			);
			runOnlyForDeploymentPostprocessing = 0;
		};
/* End PBXSourcesBuildPhase section */

/* Begin PBXTargetDependency section */
		EAE4581326E765D200B1C59C /* PBXTargetDependency */ = {
			isa = PBXTargetDependency;
			target = EAE457FF26E765CC00B1C59C /* CloneInstagram */;
			targetProxy = EAE4581226E765D200B1C59C /* PBXContainerItemProxy */;
		};
		EAE4581E26E765D200B1C59C /* PBXTargetDependency */ = {
			isa = PBXTargetDependency;
			target = EAE457FF26E765CC00B1C59C /* CloneInstagram */;
			targetProxy = EAE4581D26E765D200B1C59C /* PBXContainerItemProxy */;
		};
/* End PBXTargetDependency section */

/* Begin XCBuildConfiguration section */
		EAE4582326E765D200B1C59C /* Debug */ = {
			isa = XCBuildConfiguration;
			buildSettings = {
				ALWAYS_SEARCH_USER_PATHS = NO;
				CLANG_ANALYZER_NONNULL = YES;
				CLANG_ANALYZER_NUMBER_OBJECT_CONVERSION = YES_AGGRESSIVE;
				CLANG_CXX_LANGUAGE_STANDARD = "gnu++14";
				CLANG_CXX_LIBRARY = "libc++";
				CLANG_ENABLE_MODULES = YES;
				CLANG_ENABLE_OBJC_ARC = YES;
				CLANG_ENABLE_OBJC_WEAK = YES;
				CLANG_WARN_BLOCK_CAPTURE_AUTORELEASING = YES;
				CLANG_WARN_BOOL_CONVERSION = YES;
				CLANG_WARN_COMMA = YES;
				CLANG_WARN_CONSTANT_CONVERSION = YES;
				CLANG_WARN_DEPRECATED_OBJC_IMPLEMENTATIONS = YES;
				CLANG_WARN_DIRECT_OBJC_ISA_USAGE = YES_ERROR;
				CLANG_WARN_DOCUMENTATION_COMMENTS = YES;
				CLANG_WARN_EMPTY_BODY = YES;
				CLANG_WARN_ENUM_CONVERSION = YES;
				CLANG_WARN_INFINITE_RECURSION = YES;
				CLANG_WARN_INT_CONVERSION = YES;
				CLANG_WARN_NON_LITERAL_NULL_CONVERSION = YES;
				CLANG_WARN_OBJC_IMPLICIT_RETAIN_SELF = YES;
				CLANG_WARN_OBJC_LITERAL_CONVERSION = YES;
				CLANG_WARN_OBJC_ROOT_CLASS = YES_ERROR;
				CLANG_WARN_QUOTED_INCLUDE_IN_FRAMEWORK_HEADER = YES;
				CLANG_WARN_RANGE_LOOP_ANALYSIS = YES;
				CLANG_WARN_STRICT_PROTOTYPES = YES;
				CLANG_WARN_SUSPICIOUS_MOVE = YES;
				CLANG_WARN_UNGUARDED_AVAILABILITY = YES_AGGRESSIVE;
				CLANG_WARN_UNREACHABLE_CODE = YES;
				CLANG_WARN__DUPLICATE_METHOD_MATCH = YES;
				COPY_PHASE_STRIP = NO;
				DEBUG_INFORMATION_FORMAT = dwarf;
				ENABLE_STRICT_OBJC_MSGSEND = YES;
				ENABLE_TESTABILITY = YES;
				GCC_C_LANGUAGE_STANDARD = gnu11;
				GCC_DYNAMIC_NO_PIC = NO;
				GCC_NO_COMMON_BLOCKS = YES;
				GCC_OPTIMIZATION_LEVEL = 0;
				GCC_PREPROCESSOR_DEFINITIONS = (
					"DEBUG=1",
					"$(inherited)",
				);
				GCC_WARN_64_TO_32_BIT_CONVERSION = YES;
				GCC_WARN_ABOUT_RETURN_TYPE = YES_ERROR;
				GCC_WARN_UNDECLARED_SELECTOR = YES;
				GCC_WARN_UNINITIALIZED_AUTOS = YES_AGGRESSIVE;
				GCC_WARN_UNUSED_FUNCTION = YES;
				GCC_WARN_UNUSED_VARIABLE = YES;
				IPHONEOS_DEPLOYMENT_TARGET = 14.5;
				MTL_ENABLE_DEBUG_INFO = INCLUDE_SOURCE;
				MTL_FAST_MATH = YES;
				ONLY_ACTIVE_ARCH = YES;
				SDKROOT = iphoneos;
				SWIFT_ACTIVE_COMPILATION_CONDITIONS = DEBUG;
				SWIFT_OPTIMIZATION_LEVEL = "-Onone";
			};
			name = Debug;
		};
		EAE4582426E765D200B1C59C /* Release */ = {
			isa = XCBuildConfiguration;
			buildSettings = {
				ALWAYS_SEARCH_USER_PATHS = NO;
				CLANG_ANALYZER_NONNULL = YES;
				CLANG_ANALYZER_NUMBER_OBJECT_CONVERSION = YES_AGGRESSIVE;
				CLANG_CXX_LANGUAGE_STANDARD = "gnu++14";
				CLANG_CXX_LIBRARY = "libc++";
				CLANG_ENABLE_MODULES = YES;
				CLANG_ENABLE_OBJC_ARC = YES;
				CLANG_ENABLE_OBJC_WEAK = YES;
				CLANG_WARN_BLOCK_CAPTURE_AUTORELEASING = YES;
				CLANG_WARN_BOOL_CONVERSION = YES;
				CLANG_WARN_COMMA = YES;
				CLANG_WARN_CONSTANT_CONVERSION = YES;
				CLANG_WARN_DEPRECATED_OBJC_IMPLEMENTATIONS = YES;
				CLANG_WARN_DIRECT_OBJC_ISA_USAGE = YES_ERROR;
				CLANG_WARN_DOCUMENTATION_COMMENTS = YES;
				CLANG_WARN_EMPTY_BODY = YES;
				CLANG_WARN_ENUM_CONVERSION = YES;
				CLANG_WARN_INFINITE_RECURSION = YES;
				CLANG_WARN_INT_CONVERSION = YES;
				CLANG_WARN_NON_LITERAL_NULL_CONVERSION = YES;
				CLANG_WARN_OBJC_IMPLICIT_RETAIN_SELF = YES;
				CLANG_WARN_OBJC_LITERAL_CONVERSION = YES;
				CLANG_WARN_OBJC_ROOT_CLASS = YES_ERROR;
				CLANG_WARN_QUOTED_INCLUDE_IN_FRAMEWORK_HEADER = YES;
				CLANG_WARN_RANGE_LOOP_ANALYSIS = YES;
				CLANG_WARN_STRICT_PROTOTYPES = YES;
				CLANG_WARN_SUSPICIOUS_MOVE = YES;
				CLANG_WARN_UNGUARDED_AVAILABILITY = YES_AGGRESSIVE;
				CLANG_WARN_UNREACHABLE_CODE = YES;
				CLANG_WARN__DUPLICATE_METHOD_MATCH = YES;
				COPY_PHASE_STRIP = NO;
				DEBUG_INFORMATION_FORMAT = "dwarf-with-dsym";
				ENABLE_NS_ASSERTIONS = NO;
				ENABLE_STRICT_OBJC_MSGSEND = YES;
				GCC_C_LANGUAGE_STANDARD = gnu11;
				GCC_NO_COMMON_BLOCKS = YES;
				GCC_WARN_64_TO_32_BIT_CONVERSION = YES;
				GCC_WARN_ABOUT_RETURN_TYPE = YES_ERROR;
				GCC_WARN_UNDECLARED_SELECTOR = YES;
				GCC_WARN_UNINITIALIZED_AUTOS = YES_AGGRESSIVE;
				GCC_WARN_UNUSED_FUNCTION = YES;
				GCC_WARN_UNUSED_VARIABLE = YES;
				IPHONEOS_DEPLOYMENT_TARGET = 14.5;
				MTL_ENABLE_DEBUG_INFO = NO;
				MTL_FAST_MATH = YES;
				SDKROOT = iphoneos;
				SWIFT_COMPILATION_MODE = wholemodule;
				SWIFT_OPTIMIZATION_LEVEL = "-O";
				VALIDATE_PRODUCT = YES;
			};
			name = Release;
		};
		EAE4582626E765D200B1C59C /* Debug */ = {
			isa = XCBuildConfiguration;
			baseConfigurationReference = B5A78EDD0F355273C021B421 /* Pods-CloneInstagram.debug.xcconfig */;
			buildSettings = {
				ASSETCATALOG_COMPILER_APPICON_NAME = AppIcon;
				ASSETCATALOG_COMPILER_GLOBAL_ACCENT_COLOR_NAME = AccentColor;
				CODE_SIGN_STYLE = Automatic;
				DEVELOPMENT_ASSET_PATHS = "\"CloneInstagram/Preview Content\"";
				ENABLE_PREVIEWS = YES;
				INFOPLIST_FILE = CloneInstagram/Info.plist;
				IPHONEOS_DEPLOYMENT_TARGET = 14.0;
				LD_RUNPATH_SEARCH_PATHS = (
					"$(inherited)",
					"@executable_path/Frameworks",
				);
				PRODUCT_BUNDLE_IDENTIFIER = jp.co.rion.CloneInstagram;
				PRODUCT_NAME = "$(TARGET_NAME)";
				SWIFT_VERSION = 5.0;
				TARGETED_DEVICE_FAMILY = "1,2";
			};
			name = Debug;
		};
		EAE4582726E765D200B1C59C /* Release */ = {
			isa = XCBuildConfiguration;
			baseConfigurationReference = 5E62F683172AC3F1683DDB2A /* Pods-CloneInstagram.release.xcconfig */;
			buildSettings = {
				ASSETCATALOG_COMPILER_APPICON_NAME = AppIcon;
				ASSETCATALOG_COMPILER_GLOBAL_ACCENT_COLOR_NAME = AccentColor;
				CODE_SIGN_STYLE = Automatic;
				DEVELOPMENT_ASSET_PATHS = "\"CloneInstagram/Preview Content\"";
				ENABLE_PREVIEWS = YES;
				INFOPLIST_FILE = CloneInstagram/Info.plist;
				IPHONEOS_DEPLOYMENT_TARGET = 14.0;
				LD_RUNPATH_SEARCH_PATHS = (
					"$(inherited)",
					"@executable_path/Frameworks",
				);
				PRODUCT_BUNDLE_IDENTIFIER = jp.co.rion.CloneInstagram;
				PRODUCT_NAME = "$(TARGET_NAME)";
				SWIFT_VERSION = 5.0;
				TARGETED_DEVICE_FAMILY = "1,2";
			};
			name = Release;
		};
		EAE4582926E765D200B1C59C /* Debug */ = {
			isa = XCBuildConfiguration;
			baseConfigurationReference = E5B655F12F7203FA7C6DFE0F /* Pods-CloneInstagramTests.debug.xcconfig */;
			buildSettings = {
				ALWAYS_EMBED_SWIFT_STANDARD_LIBRARIES = YES;
				BUNDLE_LOADER = "$(TEST_HOST)";
				CODE_SIGN_STYLE = Automatic;
				INFOPLIST_FILE = CloneInstagramTests/Info.plist;
				IPHONEOS_DEPLOYMENT_TARGET = 14.0;
				LD_RUNPATH_SEARCH_PATHS = (
					"$(inherited)",
					"@executable_path/Frameworks",
					"@loader_path/Frameworks",
				);
				PRODUCT_BUNDLE_IDENTIFIER = jp.co.rion.CloneInstagramTests;
				PRODUCT_NAME = "$(TARGET_NAME)";
				SWIFT_VERSION = 5.0;
				TARGETED_DEVICE_FAMILY = "1,2";
				TEST_HOST = "$(BUILT_PRODUCTS_DIR)/CloneInstagram.app/CloneInstagram";
			};
			name = Debug;
		};
		EAE4582A26E765D200B1C59C /* Release */ = {
			isa = XCBuildConfiguration;
			baseConfigurationReference = E81C713EB34B5253FF390207 /* Pods-CloneInstagramTests.release.xcconfig */;
			buildSettings = {
				ALWAYS_EMBED_SWIFT_STANDARD_LIBRARIES = YES;
				BUNDLE_LOADER = "$(TEST_HOST)";
				CODE_SIGN_STYLE = Automatic;
				INFOPLIST_FILE = CloneInstagramTests/Info.plist;
				IPHONEOS_DEPLOYMENT_TARGET = 14.0;
				LD_RUNPATH_SEARCH_PATHS = (
					"$(inherited)",
					"@executable_path/Frameworks",
					"@loader_path/Frameworks",
				);
				PRODUCT_BUNDLE_IDENTIFIER = jp.co.rion.CloneInstagramTests;
				PRODUCT_NAME = "$(TARGET_NAME)";
				SWIFT_VERSION = 5.0;
				TARGETED_DEVICE_FAMILY = "1,2";
				TEST_HOST = "$(BUILT_PRODUCTS_DIR)/CloneInstagram.app/CloneInstagram";
			};
			name = Release;
		};
		EAE4582C26E765D200B1C59C /* Debug */ = {
			isa = XCBuildConfiguration;
			baseConfigurationReference = 852E899BF577F0303C0BDC20 /* Pods-CloneInstagram-CloneInstagramUITests.debug.xcconfig */;
			buildSettings = {
				ALWAYS_EMBED_SWIFT_STANDARD_LIBRARIES = YES;
				CODE_SIGN_STYLE = Automatic;
				INFOPLIST_FILE = CloneInstagramUITests/Info.plist;
				LD_RUNPATH_SEARCH_PATHS = (
					"$(inherited)",
					"@executable_path/Frameworks",
					"@loader_path/Frameworks",
				);
				PRODUCT_BUNDLE_IDENTIFIER = jp.co.rion.CloneInstagramUITests;
				PRODUCT_NAME = "$(TARGET_NAME)";
				SWIFT_VERSION = 5.0;
				TARGETED_DEVICE_FAMILY = "1,2";
				TEST_TARGET_NAME = CloneInstagram;
			};
			name = Debug;
		};
		EAE4582D26E765D200B1C59C /* Release */ = {
			isa = XCBuildConfiguration;
			baseConfigurationReference = A81DE8F2206989752B0F7515 /* Pods-CloneInstagram-CloneInstagramUITests.release.xcconfig */;
			buildSettings = {
				ALWAYS_EMBED_SWIFT_STANDARD_LIBRARIES = YES;
				CODE_SIGN_STYLE = Automatic;
				INFOPLIST_FILE = CloneInstagramUITests/Info.plist;
				LD_RUNPATH_SEARCH_PATHS = (
					"$(inherited)",
					"@executable_path/Frameworks",
					"@loader_path/Frameworks",
				);
				PRODUCT_BUNDLE_IDENTIFIER = jp.co.rion.CloneInstagramUITests;
				PRODUCT_NAME = "$(TARGET_NAME)";
				SWIFT_VERSION = 5.0;
				TARGETED_DEVICE_FAMILY = "1,2";
				TEST_TARGET_NAME = CloneInstagram;
			};
			name = Release;
		};
/* End XCBuildConfiguration section */

/* Begin XCConfigurationList section */
		EAE457FB26E765CC00B1C59C /* Build configuration list for PBXProject "CloneInstagram" */ = {
			isa = XCConfigurationList;
			buildConfigurations = (
				EAE4582326E765D200B1C59C /* Debug */,
				EAE4582426E765D200B1C59C /* Release */,
			);
			defaultConfigurationIsVisible = 0;
			defaultConfigurationName = Release;
		};
		EAE4582526E765D200B1C59C /* Build configuration list for PBXNativeTarget "CloneInstagram" */ = {
			isa = XCConfigurationList;
			buildConfigurations = (
				EAE4582626E765D200B1C59C /* Debug */,
				EAE4582726E765D200B1C59C /* Release */,
			);
			defaultConfigurationIsVisible = 0;
			defaultConfigurationName = Release;
		};
		EAE4582826E765D200B1C59C /* Build configuration list for PBXNativeTarget "CloneInstagramTests" */ = {
			isa = XCConfigurationList;
			buildConfigurations = (
				EAE4582926E765D200B1C59C /* Debug */,
				EAE4582A26E765D200B1C59C /* Release */,
			);
			defaultConfigurationIsVisible = 0;
			defaultConfigurationName = Release;
		};
		EAE4582B26E765D200B1C59C /* Build configuration list for PBXNativeTarget "CloneInstagramUITests" */ = {
			isa = XCConfigurationList;
			buildConfigurations = (
				EAE4582C26E765D200B1C59C /* Debug */,
				EAE4582D26E765D200B1C59C /* Release */,
			);
			defaultConfigurationIsVisible = 0;
			defaultConfigurationName = Release;
		};
/* End XCConfigurationList section */
	};
	rootObject = EAE457F826E765CC00B1C59C /* Project object */;
}
